
Microsoft Visual Studio Solution File, Format Version 12.00
# Visual Studio 15
VisualStudioVersion = 15.0.26124.0
MinimumVisualStudioVersion = 15.0.26124.0
Project("{FAE04EC0-301F-11D3-BF4B-00C04F79EFBC}") = "App", "App\App.csproj", "{0EAE5F7F-BA07-4F0D-B39F-463492632907}"
EndProject
Project("{FAE04EC0-301F-11D3-BF4B-00C04F79EFBC}") = "Tests", "Tests\Tests.csproj", "{3BF6FAE5-1B2B-46B1-AF75-8A73733DFEB6}"
EndProject
Project("{FAE04EC0-301F-11D3-BF4B-00C04F79EFBC}") = "Persistence", "Persistence\Persistence.csproj", "{84CE88F4-A61C-4FD5-8C57-3B5953CB0178}"
EndProject
Global
	GlobalSection(SolutionConfigurationPlatforms) = preSolution
		Debug|Any CPU = Debug|Any CPU
		Debug|x64 = Debug|x64
		Debug|x86 = Debug|x86
		Release|Any CPU = Release|Any CPU
		Release|x64 = Release|x64
		Release|x86 = Release|x86
	EndGlobalSection
	GlobalSection(SolutionProperties) = preSolution
		HideSolutionNode = FALSE
	EndGlobalSection
	GlobalSection(ProjectConfigurationPlatforms) = postSolution
		{0EAE5F7F-BA07-4F0D-B39F-463492632907}.Debug|Any CPU.ActiveCfg = Debug|Any CPU
		{0EAE5F7F-BA07-4F0D-B39F-463492632907}.Debug|Any CPU.Build.0 = Debug|Any CPU
		{0EAE5F7F-BA07-4F0D-B39F-463492632907}.Debug|x64.ActiveCfg = Debug|Any CPU
		{0EAE5F7F-BA07-4F0D-B39F-463492632907}.Debug|x64.Build.0 = Debug|Any CPU
		{0EAE5F7F-BA07-4F0D-B39F-463492632907}.Debug|x86.ActiveCfg = Debug|Any CPU
		{0EAE5F7F-BA07-4F0D-B39F-463492632907}.Debug|x86.Build.0 = Debug|Any CPU
		{0EAE5F7F-BA07-4F0D-B39F-463492632907}.Release|Any CPU.ActiveCfg = Release|Any CPU
		{0EAE5F7F-BA07-4F0D-B39F-463492632907}.Release|Any CPU.Build.0 = Release|Any CPU
		{0EAE5F7F-BA07-4F0D-B39F-463492632907}.Release|x64.ActiveCfg = Release|Any CPU
		{0EAE5F7F-BA07-4F0D-B39F-463492632907}.Release|x64.Build.0 = Release|Any CPU
		{0EAE5F7F-BA07-4F0D-B39F-463492632907}.Release|x86.ActiveCfg = Release|Any CPU
		{0EAE5F7F-BA07-4F0D-B39F-463492632907}.Release|x86.Build.0 = Release|Any CPU
		{3BF6FAE5-1B2B-46B1-AF75-8A73733DFEB6}.Debug|Any CPU.ActiveCfg = Debug|Any CPU
		{3BF6FAE5-1B2B-46B1-AF75-8A73733DFEB6}.Debug|Any CPU.Build.0 = Debug|Any CPU
		{3BF6FAE5-1B2B-46B1-AF75-8A73733DFEB6}.Debug|x64.ActiveCfg = Debug|Any CPU
		{3BF6FAE5-1B2B-46B1-AF75-8A73733DFEB6}.Debug|x64.Build.0 = Debug|Any CPU
		{3BF6FAE5-1B2B-46B1-AF75-8A73733DFEB6}.Debug|x86.ActiveCfg = Debug|Any CPU
		{3BF6FAE5-1B2B-46B1-AF75-8A73733DFEB6}.Debug|x86.Build.0 = Debug|Any CPU
		{3BF6FAE5-1B2B-46B1-AF75-8A73733DFEB6}.Release|Any CPU.ActiveCfg = Release|Any CPU
		{3BF6FAE5-1B2B-46B1-AF75-8A73733DFEB6}.Release|Any CPU.Build.0 = Release|Any CPU
		{3BF6FAE5-1B2B-46B1-AF75-8A73733DFEB6}.Release|x64.ActiveCfg = Release|Any CPU
		{3BF6FAE5-1B2B-46B1-AF75-8A73733DFEB6}.Release|x64.Build.0 = Release|Any CPU
		{3BF6FAE5-1B2B-46B1-AF75-8A73733DFEB6}.Release|x86.ActiveCfg = Release|Any CPU
		{3BF6FAE5-1B2B-46B1-AF75-8A73733DFEB6}.Release|x86.Build.0 = Release|Any CPU
		{84CE88F4-A61C-4FD5-8C57-3B5953CB0178}.Debug|Any CPU.ActiveCfg = Debug|Any CPU
		{84CE88F4-A61C-4FD5-8C57-3B5953CB0178}.Debug|Any CPU.Build.0 = Debug|Any CPU
		{84CE88F4-A61C-4FD5-8C57-3B5953CB0178}.Debug|x64.ActiveCfg = Debug|Any CPU
		{84CE88F4-A61C-4FD5-8C57-3B5953CB0178}.Debug|x64.Build.0 = Debug|Any CPU
		{84CE88F4-A61C-4FD5-8C57-3B5953CB0178}.Debug|x86.ActiveCfg = Debug|Any CPU
		{84CE88F4-A61C-4FD5-8C57-3B5953CB0178}.Debug|x86.Build.0 = Debug|Any CPU
		{84CE88F4-A61C-4FD5-8C57-3B5953CB0178}.Release|Any CPU.ActiveCfg = Release|Any CPU
		{84CE88F4-A61C-4FD5-8C57-3B5953CB0178}.Release|Any CPU.Build.0 = Release|Any CPU
		{84CE88F4-A61C-4FD5-8C57-3B5953CB0178}.Release|x64.ActiveCfg = Release|Any CPU
		{84CE88F4-A61C-4FD5-8C57-3B5953CB0178}.Release|x64.Build.0 = Release|Any CPU
		{84CE88F4-A61C-4FD5-8C57-3B5953CB0178}.Release|x86.ActiveCfg = Release|Any CPU
		{84CE88F4-A61C-4FD5-8C57-3B5953CB0178}.Release|x86.Build.0 = Release|Any CPU
	EndGlobalSection
EndGlobal
